// !$*UTF8*$!
{
	archiveVersion = 1;
	classes = {
	};
	objectVersion = 50;
	objects = {

/* Begin PBXBuildFile section */
		CA611AE82268B4B700929540 /* AppDelegate.swift in Sources */ = {isa = PBXBuildFile; fileRef = CA611AE72268B4B700929540 /* AppDelegate.swift */; };
		CA611AED2268B4B700929540 /* Main.storyboard in Resources */ = {isa = PBXBuildFile; fileRef = CA611AEB2268B4B700929540 /* Main.storyboard */; };
		CA611AEF2268B4B900929540 /* Assets.xcassets in Resources */ = {isa = PBXBuildFile; fileRef = CA611AEE2268B4B900929540 /* Assets.xcassets */; };
		CA611AF22268B4B900929540 /* LaunchScreen.storyboard in Resources */ = {isa = PBXBuildFile; fileRef = CA611AF02268B4B900929540 /* LaunchScreen.storyboard */; };
		CA611AFC2268BC2900929540 /* ViewController.swift in Sources */ = {isa = PBXBuildFile; fileRef = CA611AFB2268BC2900929540 /* ViewController.swift */; };
		CA611AFE2268BED900929540 /* Item.swift in Sources */ = {isa = PBXBuildFile; fileRef = CA611AFD2268BED900929540 /* Item.swift */; };
		F8CC9604294255B816A4512B /* Pods_lesson8.framework in Frameworks */ = {isa = PBXBuildFile; fileRef = 8FB3D95FB822E3415F377AD9 /* Pods_lesson8.framework */; };
/* End PBXBuildFile section */

/* Begin PBXFileReference section */
		22DC07C9C705EFACE6F78DFD /* Pods-lesson8.debug.xcconfig */ = {isa = PBXFileReference; includeInIndex = 1; lastKnownFileType = text.xcconfig; name = "Pods-lesson8.debug.xcconfig"; path = "Pods/Target Support Files/Pods-lesson8/Pods-lesson8.debug.xcconfig"; sourceTree = "<group>"; };
		8FB3D95FB822E3415F377AD9 /* Pods_lesson8.framework */ = {isa = PBXFileReference; explicitFileType = wrapper.framework; includeInIndex = 0; path = Pods_lesson8.framework; sourceTree = BUILT_PRODUCTS_DIR; };
		CA611AE42268B4B700929540 /* lesson8.app */ = {isa = PBXFileReference; explicitFileType = wrapper.application; includeInIndex = 0; path = lesson8.app; sourceTree = BUILT_PRODUCTS_DIR; };
		CA611AE72268B4B700929540 /* AppDelegate.swift */ = {isa = PBXFileReference; lastKnownFileType = sourcecode.swift; path = AppDelegate.swift; sourceTree = "<group>"; };
		CA611AEC2268B4B700929540 /* Base */ = {isa = PBXFileReference; lastKnownFileType = file.storyboard; name = Base; path = Base.lproj/Main.storyboard; sourceTree = "<group>"; };
		CA611AEE2268B4B900929540 /* Assets.xcassets */ = {isa = PBXFileReference; lastKnownFileType = folder.assetcatalog; path = Assets.xcassets; sourceTree = "<group>"; };
		CA611AF12268B4B900929540 /* Base */ = {isa = PBXFileReference; lastKnownFileType = file.storyboard; name = Base; path = Base.lproj/LaunchScreen.storyboard; sourceTree = "<group>"; };
		CA611AF32268B4B900929540 /* Info.plist */ = {isa = PBXFileReference; lastKnownFileType = text.plist.xml; path = Info.plist; sourceTree = "<group>"; };
		CA611AFB2268BC2900929540 /* ViewController.swift */ = {isa = PBXFileReference; lastKnownFileType = sourcecode.swift; path = ViewController.swift; sourceTree = "<group>"; };
		CA611AFD2268BED900929540 /* Item.swift */ = {isa = PBXFileReference; lastKnownFileType = sourcecode.swift; path = Item.swift; sourceTree = "<group>"; };
		FF55E70053C752F606B3B12F /* Pods-lesson8.release.xcconfig */ = {isa = PBXFileReference; includeInIndex = 1; lastKnownFileType = text.xcconfig; name = "Pods-lesson8.release.xcconfig"; path = "Pods/Target Support Files/Pods-lesson8/Pods-lesson8.release.xcconfig"; sourceTree = "<group>"; };
/* End PBXFileReference section */

/* Begin PBXFrameworksBuildPhase section */
		CA611AE12268B4B700929540 /* Frameworks */ = {
			isa = PBXFrameworksBuildPhase;
			buildActionMask = 2147483647;
			files = (
				F8CC9604294255B816A4512B /* Pods_lesson8.framework in Frameworks */,
			);
			runOnlyForDeploymentPostprocessing = 0;
		};
/* End PBXFrameworksBuildPhase section */

/* Begin PBXGroup section */
		432E2482F120EEBFA9315CBB /* Frameworks */ = {
			isa = PBXGroup;
			children = (
				8FB3D95FB822E3415F377AD9 /* Pods_lesson8.framework */,
			);
			name = Frameworks;
			sourceTree = "<group>";
		};
		BE0C9D09D237BF313C6E2289 /* Pods */ = {
			isa = PBXGroup;
			children = (
				22DC07C9C705EFACE6F78DFD /* Pods-lesson8.debug.xcconfig */,
				FF55E70053C752F606B3B12F /* Pods-lesson8.release.xcconfig */,
			);
			name = Pods;
			sourceTree = "<group>";
		};
		CA611ADB2268B4B700929540 = {
			isa = PBXGroup;
			children = (
				CA611AE62268B4B700929540 /* lesson8 */,
				CA611AE52268B4B700929540 /* Products */,
				BE0C9D09D237BF313C6E2289 /* Pods */,
				432E2482F120EEBFA9315CBB /* Frameworks */,
			);
			sourceTree = "<group>";
		};
		CA611AE52268B4B700929540 /* Products */ = {
			isa = PBXGroup;
			children = (
				CA611AE42268B4B700929540 /* lesson8.app */,
			);
			name = Products;
			sourceTree = "<group>";
		};
		CA611AE62268B4B700929540 /* lesson8 */ = {
			isa = PBXGroup;
			children = (
				CA611AE72268B4B700929540 /* AppDelegate.swift */,
				CA611AEB2268B4B700929540 /* Main.storyboard */,
				CA611AFB2268BC2900929540 /* ViewController.swift */,
				CA611AFD2268BED900929540 /* Item.swift */,
				CA611AEE2268B4B900929540 /* Assets.xcassets */,
				CA611AF02268B4B900929540 /* LaunchScreen.storyboard */,
				CA611AF32268B4B900929540 /* Info.plist */,
			);
			path = lesson8;
			sourceTree = "<group>";
		};
/* End PBXGroup section */

/* Begin PBXNativeTarget section */
		CA611AE32268B4B700929540 /* lesson8 */ = {
			isa = PBXNativeTarget;
			buildConfigurationList = CA611AF62268B4B900929540 /* Build configuration list for PBXNativeTarget "lesson8" */;
			buildPhases = (
				5E87CBC1412EC0AE45AB8BFF /* [CP] Check Pods Manifest.lock */,
				CA611AE02268B4B700929540 /* Sources */,
				CA611AE12268B4B700929540 /* Frameworks */,
				CA611AE22268B4B700929540 /* Resources */,
				BA326AC90B7743B8CD9194F4 /* [CP] Embed Pods Frameworks */,
			);
			buildRules = (
			);
			dependencies = (
			);
			name = lesson8;
			productName = lesson8;
			productReference = CA611AE42268B4B700929540 /* lesson8.app */;
			productType = "com.apple.product-type.application";
		};
/* End PBXNativeTarget section */

/* Begin PBXProject section */
		CA611ADC2268B4B700929540 /* Project object */ = {
			isa = PBXProject;
			attributes = {
				LastSwiftUpdateCheck = 1020;
				LastUpgradeCheck = 1020;
				ORGANIZATIONNAME = "Yury Popov";
				TargetAttributes = {
					CA611AE32268B4B700929540 = {
						CreatedOnToolsVersion = 10.2.1;
					};
				};
			};
			buildConfigurationList = CA611ADF2268B4B700929540 /* Build configuration list for PBXProject "lesson8" */;
			compatibilityVersion = "Xcode 9.3";
			developmentRegion = en;
			hasScannedForEncodings = 0;
			knownRegions = (
				en,
				Base,
			);
			mainGroup = CA611ADB2268B4B700929540;
			productRefGroup = CA611AE52268B4B700929540 /* Products */;
			projectDirPath = "";
			projectRoot = "";
			targets = (
				CA611AE32268B4B700929540 /* lesson8 */,
			);
		};
/* End PBXProject section */

/* Begin PBXResourcesBuildPhase section */
		CA611AE22268B4B700929540 /* Resources */ = {
			isa = PBXResourcesBuildPhase;
			buildActionMask = 2147483647;
			files = (
				CA611AF22268B4B900929540 /* LaunchScreen.storyboard in Resources */,
				CA611AEF2268B4B900929540 /* Assets.xcassets in Resources */,
				CA611AED2268B4B700929540 /* Main.storyboard in Resources */,
			);
			runOnlyForDeploymentPostprocessing = 0;
		};
/* End PBXResourcesBuildPhase section */

/* Begin PBXShellScriptBuildPhase section */
		5E87CBC1412EC0AE45AB8BFF /* [CP] Check Pods Manifest.lock */ = {
			isa = PBXShellScriptBuildPhase;
			buildActionMask = 2147483647;
			files = (
			);
			inputFileListPaths = (
			);
			inputPaths = (
				"${PODS_PODFILE_DIR_PATH}/Podfile.lock",
				"${PODS_ROOT}/Manifest.lock",
			);
			name = "[CP] Check Pods Manifest.lock";
			outputFileListPaths = (
			);
			outputPaths = (
				"$(DERIVED_FILE_DIR)/Pods-lesson8-checkManifestLockResult.txt",
			);
			runOnlyForDeploymentPostprocessing = 0;
			shellPath = /bin/sh;
			shellScript = "diff \"${PODS_PODFILE_DIR_PATH}/Podfile.lock\" \"${PODS_ROOT}/Manifest.lock\" > /dev/null\nif [ $? != 0 ] ; then\n    # print error to STDERR\n    echo \"error: The sandbox is not in sync with the Podfile.lock. Run 'pod install' or update your CocoaPods installation.\" >&2\n    exit 1\nfi\n# This output is used by Xcode 'outputs' to avoid re-running this script phase.\necho \"SUCCESS\" > \"${SCRIPT_OUTPUT_FILE_0}\"\n";
			showEnvVarsInLog = 0;
		};
		BA326AC90B7743B8CD9194F4 /* [CP] Embed Pods Frameworks */ = {
			isa = PBXShellScriptBuildPhase;
			buildActionMask = 2147483647;
			files = (
			);
			inputFileListPaths = (
			);
			inputPaths = (
				"${SRCROOT}/Pods/Target Support Files/Pods-lesson8/Pods-lesson8-frameworks.sh",
				"${BUILT_PRODUCTS_DIR}/Realm/Realm.framework",
				"${BUILT_PRODUCTS_DIR}/RealmSwift/RealmSwift.framework",
			);
			name = "[CP] Embed Pods Frameworks";
			outputFileListPaths = (
			);
			outputPaths = (
				"${TARGET_BUILD_DIR}/${FRAMEWORKS_FOLDER_PATH}/Realm.framework",
				"${TARGET_BUILD_DIR}/${FRAMEWORKS_FOLDER_PATH}/RealmSwift.framework",
			);
			runOnlyForDeploymentPostprocessing = 0;
			shellPath = /bin/sh;
			shellScript = "\"${SRCROOT}/Pods/Target Support Files/Pods-lesson8/Pods-lesson8-frameworks.sh\"\n";
			showEnvVarsInLog = 0;
		};
/* End PBXShellScriptBuildPhase section */

/* Begin PBXSourcesBuildPhase section */
		CA611AE02268B4B700929540 /* Sources */ = {
			isa = PBXSourcesBuildPhase;
			buildActionMask = 2147483647;
			files = (
				CA611AFC2268BC2900929540 /* ViewController.swift in Sources */,
				CA611AFE2268BED900929540 /* Item.swift in Sources */,
				CA611AE82268B4B700929540 /* AppDelegate.swift in Sources */,
			);
			runOnlyForDeploymentPostprocessing = 0;
		};
/* End PBXSourcesBuildPhase section */

/* Begin PBXVariantGroup section */
		CA611AEB2268B4B700929540 /* Main.storyboard */ = {
			isa = PBXVariantGroup;
			children = (
				CA611AEC2268B4B700929540 /* Base */,
			);
			name = Main.storyboard;
			sourceTree = "<group>";
		};
		CA611AF02268B4B900929540 /* LaunchScreen.storyboard */ = {
			isa = PBXVariantGroup;
			children = (
				CA611AF12268B4B900929540 /* Base */,
			);
			name = LaunchScreen.storyboard;
			sourceTree = "<group>";
		};
/* End PBXVariantGroup section */

/* Begin XCBuildConfiguration section */
		CA611AF42268B4B900929540 /* Debug */ = {
			isa = XCBuildConfiguration;
			buildSettings = {
				ALWAYS_SEARCH_USER_PATHS = NO;
				CLANG_ANALYZER_NONNULL = YES;
				CLANG_ANALYZER_NUMBER_OBJECT_CONVERSION = YES_AGGRESSIVE;
				CLANG_CXX_LANGUAGE_STANDARD = "gnu++14";
				CLANG_CXX_LIBRARY = "libc++";
				CLANG_ENABLE_MODULES = YES;
				CLANG_ENABLE_OBJC_ARC = YES;
				CLANG_ENABLE_OBJC_WEAK = YES;
				CLANG_WARN_BLOCK_CAPTURE_AUTORELEASING = YES;
				CLANG_WARN_BOOL_CONVERSION = YES;
				CLANG_WARN_COMMA = YES;
				CLANG_WARN_CONSTANT_CONVERSION = YES;
				CLANG_WARN_DEPRECATED_OBJC_IMPLEMENTATIONS = YES;
				CLANG_WARN_DIRECT_OBJC_ISA_USAGE = YES_ERROR;
				CLANG_WARN_DOCUMENTATION_COMMENTS = YES;
				CLANG_WARN_EMPTY_BODY = YES;
				CLANG_WARN_ENUM_CONVERSION = YES;
				CLANG_WARN_INFINITE_RECURSION = YES;
				CLANG_WARN_INT_CONVERSION = YES;
				CLANG_WARN_NON_LITERAL_NULL_CONVERSION = YES;
				CLANG_WARN_OBJC_IMPLICIT_RETAIN_SELF = YES;
				CLANG_WARN_OBJC_LITERAL_CONVERSION = YES;
				CLANG_WARN_OBJC_ROOT_CLASS = YES_ERROR;
				CLANG_WARN_RANGE_LOOP_ANALYSIS = YES;
				CLANG_WARN_STRICT_PROTOTYPES = YES;
				CLANG_WARN_SUSPICIOUS_MOVE = YES;
				CLANG_WARN_UNGUARDED_AVAILABILITY = YES_AGGRESSIVE;
				CLANG_WARN_UNREACHABLE_CODE = YES;
				CLANG_WARN__DUPLICATE_METHOD_MATCH = YES;
				CODE_SIGN_IDENTITY = "iPhone Developer";
				COPY_PHASE_STRIP = NO;
				DEBUG_INFORMATION_FORMAT = dwarf;
				ENABLE_STRICT_OBJC_MSGSEND = YES;
				ENABLE_TESTABILITY = YES;
				GCC_C_LANGUAGE_STANDARD = gnu11;
				GCC_DYNAMIC_NO_PIC = NO;
				GCC_NO_COMMON_BLOCKS = YES;
				GCC_OPTIMIZATION_LEVEL = 0;
				GCC_PREPROCESSOR_DEFINITIONS = (
					"DEBUG=1",
					"$(inherited)",
				);
				GCC_WARN_64_TO_32_BIT_CONVERSION = YES;
				GCC_WARN_ABOUT_RETURN_TYPE = YES_ERROR;
				GCC_WARN_UNDECLARED_SELECTOR = YES;
				GCC_WARN_UNINITIALIZED_AUTOS = YES_AGGRESSIVE;
				GCC_WARN_UNUSED_FUNCTION = YES;
				GCC_WARN_UNUSED_VARIABLE = YES;
				IPHONEOS_DEPLOYMENT_TARGET = 12.2;
				MTL_ENABLE_DEBUG_INFO = INCLUDE_SOURCE;
				MTL_FAST_MATH = YES;
				ONLY_ACTIVE_ARCH = YES;
				SDKROOT = iphoneos;
				SWIFT_ACTIVE_COMPILATION_CONDITIONS = DEBUG;
				SWIFT_OPTIMIZATION_LEVEL = "-Onone";
			};
			name = Debug;
		};
		CA611AF52268B4B900929540 /* Release */ = {
			isa = XCBuildConfiguration;
			buildSettings = {
				ALWAYS_SEARCH_USER_PATHS = NO;
				CLANG_ANALYZER_NONNULL = YES;
				CLANG_ANALYZER_NUMBER_OBJECT_CONVERSION = YES_AGGRESSIVE;
				CLANG_CXX_LANGUAGE_STANDARD = "gnu++14";
				CLANG_CXX_LIBRARY = "libc++";
				CLANG_ENABLE_MODULES = YES;
				CLANG_ENABLE_OBJC_ARC = YES;
				CLANG_ENABLE_OBJC_WEAK = YES;
				CLANG_WARN_BLOCK_CAPTURE_AUTORELEASING = YES;
				CLANG_WARN_BOOL_CONVERSION = YES;
				CLANG_WARN_COMMA = YES;
				CLANG_WARN_CONSTANT_CONVERSION = YES;
				CLANG_WARN_DEPRECATED_OBJC_IMPLEMENTATIONS = YES;
				CLANG_WARN_DIRECT_OBJC_ISA_USAGE = YES_ERROR;
				CLANG_WARN_DOCUMENTATION_COMMENTS = YES;
				CLANG_WARN_EMPTY_BODY = YES;
				CLANG_WARN_ENUM_CONVERSION = YES;
				CLANG_WARN_INFINITE_RECURSION = YES;
				CLANG_WARN_INT_CONVERSION = YES;
				CLANG_WARN_NON_LITERAL_NULL_CONVERSION = YES;
				CLANG_WARN_OBJC_IMPLICIT_RETAIN_SELF = YES;
				CLANG_WARN_OBJC_LITERAL_CONVERSION = YES;
				CLANG_WARN_OBJC_ROOT_CLASS = YES_ERROR;
				CLANG_WARN_RANGE_LOOP_ANALYSIS = YES;
				CLANG_WARN_STRICT_PROTOTYPES = YES;
				CLANG_WARN_SUSPICIOUS_MOVE = YES;
				CLANG_WARN_UNGUARDED_AVAILABILITY = YES_AGGRESSIVE;
				CLANG_WARN_UNREACHABLE_CODE = YES;
				CLANG_WARN__DUPLICATE_METHOD_MATCH = YES;
				CODE_SIGN_IDENTITY = "iPhone Developer";
				COPY_PHASE_STRIP = NO;
				DEBUG_INFORMATION_FORMAT = "dwarf-with-dsym";
				ENABLE_NS_ASSERTIONS = NO;
				ENABLE_STRICT_OBJC_MSGSEND = YES;
				GCC_C_LANGUAGE_STANDARD = gnu11;
				GCC_NO_COMMON_BLOCKS = YES;
				GCC_WARN_64_TO_32_BIT_CONVERSION = YES;
				GCC_WARN_ABOUT_RETURN_TYPE = YES_ERROR;
				GCC_WARN_UNDECLARED_SELECTOR = YES;
				GCC_WARN_UNINITIALIZED_AUTOS = YES_AGGRESSIVE;
				GCC_WARN_UNUSED_FUNCTION = YES;
				GCC_WARN_UNUSED_VARIABLE = YES;
				IPHONEOS_DEPLOYMENT_TARGET = 12.2;
				MTL_ENABLE_DEBUG_INFO = NO;
				MTL_FAST_MATH = YES;
				SDKROOT = iphoneos;
				SWIFT_COMPILATION_MODE = wholemodule;
				SWIFT_OPTIMIZATION_LEVEL = "-O";
				VALIDATE_PRODUCT = YES;
			};
			name = Release;
		};
		CA611AF72268B4B900929540 /* Debug */ = {
			isa = XCBuildConfiguration;
			baseConfigurationReference = 22DC07C9C705EFACE6F78DFD /* Pods-lesson8.debug.xcconfig */;
			buildSettings = {
				ASSETCATALOG_COMPILER_APPICON_NAME = AppIcon;
				CODE_SIGN_STYLE = Automatic;
				DEVELOPMENT_TEAM = 54SGD4HVN5;
				INFOPLIST_FILE = lesson8/Info.plist;
				LD_RUNPATH_SEARCH_PATHS = (
					"$(inherited)",
					"@executable_path/Frameworks",
				);
				PRODUCT_BUNDLE_IDENTIFIER = com.YuryPopov.lesson8;
				PRODUCT_NAME = "$(TARGET_NAME)";
				SWIFT_VERSION = 5.0;
				TARGETED_DEVICE_FAMILY = "1,2";
			};
			name = Debug;
		};
		CA611AF82268B4B900929540 /* Release */ = {
			isa = XCBuildConfiguration;
			baseConfigurationReference = FF55E70053C752F606B3B12F /* Pods-lesson8.release.xcconfig */;
			buildSettings = {
				ASSETCATALOG_COMPILER_APPICON_NAME = AppIcon;
				CODE_SIGN_STYLE = Automatic;
				DEVELOPMENT_TEAM = 54SGD4HVN5;
				INFOPLIST_FILE = lesson8/Info.plist;
				LD_RUNPATH_SEARCH_PATHS = (
					"$(inherited)",
					"@executable_path/Frameworks",
				);
				PRODUCT_BUNDLE_IDENTIFIER = com.YuryPopov.lesson8;
				PRODUCT_NAME = "$(TARGET_NAME)";
				SWIFT_VERSION = 5.0;
				TARGETED_DEVICE_FAMILY = "1,2";
			};
			name = Release;
		};
/* End XCBuildConfiguration section */

/* Begin XCConfigurationList section */
		CA611ADF2268B4B700929540 /* Build configuration list for PBXProject "lesson8" */ = {
			isa = XCConfigurationList;
			buildConfigurations = (
				CA611AF42268B4B900929540 /* Debug */,
				CA611AF52268B4B900929540 /* Release */,
			);
			defaultConfigurationIsVisible = 0;
			defaultConfigurationName = Release;
		};
		CA611AF62268B4B900929540 /* Build configuration list for PBXNativeTarget "lesson8" */ = {
			isa = XCConfigurationList;
			buildConfigurations = (
				CA611AF72268B4B900929540 /* Debug */,
				CA611AF82268B4B900929540 /* Release */,
			);
			defaultConfigurationIsVisible = 0;
			defaultConfigurationName = Release;
		};
/* End XCConfigurationList section */
	};
	rootObject = CA611ADC2268B4B700929540 /* Project object */;
}
