// !$*UTF8*$!
{
	archiveVersion = 1;
	classes = {
	};
	objectVersion = 50;
	objects = {

/* Begin PBXBuildFile section */
		CA385181225B46CF003627CC /* AppDelegate.swift in Sources */ = {isa = PBXBuildFile; fileRef = CA385180225B46CF003627CC /* AppDelegate.swift */; };
		CA385186225B46CF003627CC /* Main.storyboard in Resources */ = {isa = PBXBuildFile; fileRef = CA385184225B46CF003627CC /* Main.storyboard */; };
		CA385188225B46D0003627CC /* Assets.xcassets in Resources */ = {isa = PBXBuildFile; fileRef = CA385187225B46D0003627CC /* Assets.xcassets */; };
		CA38518B225B46D0003627CC /* LaunchScreen.storyboard in Resources */ = {isa = PBXBuildFile; fileRef = CA385189225B46D0003627CC /* LaunchScreen.storyboard */; };
		CA385196225B49F3003627CC /* TableViewController.swift in Sources */ = {isa = PBXBuildFile; fileRef = CA385195225B49F3003627CC /* TableViewController.swift */; };
		CA385198225B4A19003627CC /* Persons.swift in Sources */ = {isa = PBXBuildFile; fileRef = CA385197225B4A19003627CC /* Persons.swift */; };
		CA38519A225B6993003627CC /* Person.swift in Sources */ = {isa = PBXBuildFile; fileRef = CA385199225B6993003627CC /* Person.swift */; };
		CA38519C225B8247003627CC /* DetailVC.swift in Sources */ = {isa = PBXBuildFile; fileRef = CA38519B225B8247003627CC /* DetailVC.swift */; };
/* End PBXBuildFile section */

/* Begin PBXFileReference section */
		CA38517D225B46CF003627CC /* lesson3.app */ = {isa = PBXFileReference; explicitFileType = wrapper.application; includeInIndex = 0; path = lesson3.app; sourceTree = BUILT_PRODUCTS_DIR; };
		CA385180225B46CF003627CC /* AppDelegate.swift */ = {isa = PBXFileReference; lastKnownFileType = sourcecode.swift; path = AppDelegate.swift; sourceTree = "<group>"; };
		CA385185225B46CF003627CC /* Base */ = {isa = PBXFileReference; lastKnownFileType = file.storyboard; name = Base; path = Base.lproj/Main.storyboard; sourceTree = "<group>"; };
		CA385187225B46D0003627CC /* Assets.xcassets */ = {isa = PBXFileReference; lastKnownFileType = folder.assetcatalog; path = Assets.xcassets; sourceTree = "<group>"; };
		CA38518A225B46D0003627CC /* Base */ = {isa = PBXFileReference; lastKnownFileType = file.storyboard; name = Base; path = Base.lproj/LaunchScreen.storyboard; sourceTree = "<group>"; };
		CA38518C225B46D0003627CC /* Info.plist */ = {isa = PBXFileReference; lastKnownFileType = text.plist.xml; path = Info.plist; sourceTree = "<group>"; };
		CA385195225B49F3003627CC /* TableViewController.swift */ = {isa = PBXFileReference; lastKnownFileType = sourcecode.swift; path = TableViewController.swift; sourceTree = "<group>"; };
		CA385197225B4A19003627CC /* Persons.swift */ = {isa = PBXFileReference; lastKnownFileType = sourcecode.swift; path = Persons.swift; sourceTree = "<group>"; };
		CA385199225B6993003627CC /* Person.swift */ = {isa = PBXFileReference; lastKnownFileType = sourcecode.swift; path = Person.swift; sourceTree = "<group>"; };
		CA38519B225B8247003627CC /* DetailVC.swift */ = {isa = PBXFileReference; lastKnownFileType = sourcecode.swift; path = DetailVC.swift; sourceTree = "<group>"; };
/* End PBXFileReference section */

/* Begin PBXFrameworksBuildPhase section */
		CA38517A225B46CF003627CC /* Frameworks */ = {
			isa = PBXFrameworksBuildPhase;
			buildActionMask = 2147483647;
			files = (
			);
			runOnlyForDeploymentPostprocessing = 0;
		};
/* End PBXFrameworksBuildPhase section */

/* Begin PBXGroup section */
		CA385174225B46CF003627CC = {
			isa = PBXGroup;
			children = (
				CA38517F225B46CF003627CC /* lesson3 */,
				CA38517E225B46CF003627CC /* Products */,
			);
			sourceTree = "<group>";
		};
		CA38517E225B46CF003627CC /* Products */ = {
			isa = PBXGroup;
			children = (
				CA38517D225B46CF003627CC /* lesson3.app */,
			);
			name = Products;
			sourceTree = "<group>";
		};
		CA38517F225B46CF003627CC /* lesson3 */ = {
			isa = PBXGroup;
			children = (
				CA385192225B4706003627CC /* View */,
				CA385193225B4714003627CC /* Model */,
				CA385194225B471D003627CC /* Controller */,
				CA385187225B46D0003627CC /* Assets.xcassets */,
				CA385189225B46D0003627CC /* LaunchScreen.storyboard */,
				CA38518C225B46D0003627CC /* Info.plist */,
			);
			path = lesson3;
			sourceTree = "<group>";
		};
		CA385192225B4706003627CC /* View */ = {
			isa = PBXGroup;
			children = (
				CA385184225B46CF003627CC /* Main.storyboard */,
			);
			path = View;
			sourceTree = "<group>";
		};
		CA385193225B4714003627CC /* Model */ = {
			isa = PBXGroup;
			children = (
				CA385197225B4A19003627CC /* Persons.swift */,
				CA385199225B6993003627CC /* Person.swift */,
			);
			path = Model;
			sourceTree = "<group>";
		};
		CA385194225B471D003627CC /* Controller */ = {
			isa = PBXGroup;
			children = (
				CA385195225B49F3003627CC /* TableViewController.swift */,
				CA38519B225B8247003627CC /* DetailVC.swift */,
				CA385180225B46CF003627CC /* AppDelegate.swift */,
			);
			path = Controller;
			sourceTree = "<group>";
		};
/* End PBXGroup section */

/* Begin PBXNativeTarget section */
		CA38517C225B46CF003627CC /* lesson3 */ = {
			isa = PBXNativeTarget;
			buildConfigurationList = CA38518F225B46D0003627CC /* Build configuration list for PBXNativeTarget "lesson3" */;
			buildPhases = (
				CA385179225B46CF003627CC /* Sources */,
				CA38517A225B46CF003627CC /* Frameworks */,
				CA38517B225B46CF003627CC /* Resources */,
			);
			buildRules = (
			);
			dependencies = (
			);
			name = lesson3;
			productName = lesson3;
			productReference = CA38517D225B46CF003627CC /* lesson3.app */;
			productType = "com.apple.product-type.application";
		};
/* End PBXNativeTarget section */

/* Begin PBXProject section */
		CA385175225B46CF003627CC /* Project object */ = {
			isa = PBXProject;
			attributes = {
				LastSwiftUpdateCheck = 1020;
				LastUpgradeCheck = 1020;
				ORGANIZATIONNAME = "Yury Popov";
				TargetAttributes = {
					CA38517C225B46CF003627CC = {
						CreatedOnToolsVersion = 10.2;
					};
				};
			};
			buildConfigurationList = CA385178225B46CF003627CC /* Build configuration list for PBXProject "lesson3" */;
			compatibilityVersion = "Xcode 9.3";
			developmentRegion = en;
			hasScannedForEncodings = 0;
			knownRegions = (
				en,
				Base,
			);
			mainGroup = CA385174225B46CF003627CC;
			productRefGroup = CA38517E225B46CF003627CC /* Products */;
			projectDirPath = "";
			projectRoot = "";
			targets = (
				CA38517C225B46CF003627CC /* lesson3 */,
			);
		};
/* End PBXProject section */

/* Begin PBXResourcesBuildPhase section */
		CA38517B225B46CF003627CC /* Resources */ = {
			isa = PBXResourcesBuildPhase;
			buildActionMask = 2147483647;
			files = (
				CA38518B225B46D0003627CC /* LaunchScreen.storyboard in Resources */,
				CA385188225B46D0003627CC /* Assets.xcassets in Resources */,
				CA385186225B46CF003627CC /* Main.storyboard in Resources */,
			);
			runOnlyForDeploymentPostprocessing = 0;
		};
/* End PBXResourcesBuildPhase section */

/* Begin PBXSourcesBuildPhase section */
		CA385179225B46CF003627CC /* Sources */ = {
			isa = PBXSourcesBuildPhase;
			buildActionMask = 2147483647;
			files = (
				CA38519C225B8247003627CC /* DetailVC.swift in Sources */,
				CA385198225B4A19003627CC /* Persons.swift in Sources */,
				CA385181225B46CF003627CC /* AppDelegate.swift in Sources */,
				CA38519A225B6993003627CC /* Person.swift in Sources */,
				CA385196225B49F3003627CC /* TableViewController.swift in Sources */,
			);
			runOnlyForDeploymentPostprocessing = 0;
		};
/* End PBXSourcesBuildPhase section */

/* Begin PBXVariantGroup section */
		CA385184225B46CF003627CC /* Main.storyboard */ = {
			isa = PBXVariantGroup;
			children = (
				CA385185225B46CF003627CC /* Base */,
			);
			name = Main.storyboard;
			sourceTree = "<group>";
		};
		CA385189225B46D0003627CC /* LaunchScreen.storyboard */ = {
			isa = PBXVariantGroup;
			children = (
				CA38518A225B46D0003627CC /* Base */,
			);
			name = LaunchScreen.storyboard;
			sourceTree = "<group>";
		};
/* End PBXVariantGroup section */

/* Begin XCBuildConfiguration section */
		CA38518D225B46D0003627CC /* Debug */ = {
			isa = XCBuildConfiguration;
			buildSettings = {
				ALWAYS_SEARCH_USER_PATHS = NO;
				CLANG_ANALYZER_NONNULL = YES;
				CLANG_ANALYZER_NUMBER_OBJECT_CONVERSION = YES_AGGRESSIVE;
				CLANG_CXX_LANGUAGE_STANDARD = "gnu++14";
				CLANG_CXX_LIBRARY = "libc++";
				CLANG_ENABLE_MODULES = YES;
				CLANG_ENABLE_OBJC_ARC = YES;
				CLANG_ENABLE_OBJC_WEAK = YES;
				CLANG_WARN_BLOCK_CAPTURE_AUTORELEASING = YES;
				CLANG_WARN_BOOL_CONVERSION = YES;
				CLANG_WARN_COMMA = YES;
				CLANG_WARN_CONSTANT_CONVERSION = YES;
				CLANG_WARN_DEPRECATED_OBJC_IMPLEMENTATIONS = YES;
				CLANG_WARN_DIRECT_OBJC_ISA_USAGE = YES_ERROR;
				CLANG_WARN_DOCUMENTATION_COMMENTS = YES;
				CLANG_WARN_EMPTY_BODY = YES;
				CLANG_WARN_ENUM_CONVERSION = YES;
				CLANG_WARN_INFINITE_RECURSION = YES;
				CLANG_WARN_INT_CONVERSION = YES;
				CLANG_WARN_NON_LITERAL_NULL_CONVERSION = YES;
				CLANG_WARN_OBJC_IMPLICIT_RETAIN_SELF = YES;
				CLANG_WARN_OBJC_LITERAL_CONVERSION = YES;
				CLANG_WARN_OBJC_ROOT_CLASS = YES_ERROR;
				CLANG_WARN_RANGE_LOOP_ANALYSIS = YES;
				CLANG_WARN_STRICT_PROTOTYPES = YES;
				CLANG_WARN_SUSPICIOUS_MOVE = YES;
				CLANG_WARN_UNGUARDED_AVAILABILITY = YES_AGGRESSIVE;
				CLANG_WARN_UNREACHABLE_CODE = YES;
				CLANG_WARN__DUPLICATE_METHOD_MATCH = YES;
				CODE_SIGN_IDENTITY = "iPhone Developer";
				COPY_PHASE_STRIP = NO;
				DEBUG_INFORMATION_FORMAT = dwarf;
				ENABLE_STRICT_OBJC_MSGSEND = YES;
				ENABLE_TESTABILITY = YES;
				GCC_C_LANGUAGE_STANDARD = gnu11;
				GCC_DYNAMIC_NO_PIC = NO;
				GCC_NO_COMMON_BLOCKS = YES;
				GCC_OPTIMIZATION_LEVEL = 0;
				GCC_PREPROCESSOR_DEFINITIONS = (
					"DEBUG=1",
					"$(inherited)",
				);
				GCC_WARN_64_TO_32_BIT_CONVERSION = YES;
				GCC_WARN_ABOUT_RETURN_TYPE = YES_ERROR;
				GCC_WARN_UNDECLARED_SELECTOR = YES;
				GCC_WARN_UNINITIALIZED_AUTOS = YES_AGGRESSIVE;
				GCC_WARN_UNUSED_FUNCTION = YES;
				GCC_WARN_UNUSED_VARIABLE = YES;
				IPHONEOS_DEPLOYMENT_TARGET = 12.2;
				MTL_ENABLE_DEBUG_INFO = INCLUDE_SOURCE;
				MTL_FAST_MATH = YES;
				ONLY_ACTIVE_ARCH = YES;
				SDKROOT = iphoneos;
				SWIFT_ACTIVE_COMPILATION_CONDITIONS = DEBUG;
				SWIFT_OPTIMIZATION_LEVEL = "-Onone";
			};
			name = Debug;
		};
		CA38518E225B46D0003627CC /* Release */ = {
			isa = XCBuildConfiguration;
			buildSettings = {
				ALWAYS_SEARCH_USER_PATHS = NO;
				CLANG_ANALYZER_NONNULL = YES;
				CLANG_ANALYZER_NUMBER_OBJECT_CONVERSION = YES_AGGRESSIVE;
				CLANG_CXX_LANGUAGE_STANDARD = "gnu++14";
				CLANG_CXX_LIBRARY = "libc++";
				CLANG_ENABLE_MODULES = YES;
				CLANG_ENABLE_OBJC_ARC = YES;
				CLANG_ENABLE_OBJC_WEAK = YES;
				CLANG_WARN_BLOCK_CAPTURE_AUTORELEASING = YES;
				CLANG_WARN_BOOL_CONVERSION = YES;
				CLANG_WARN_COMMA = YES;
				CLANG_WARN_CONSTANT_CONVERSION = YES;
				CLANG_WARN_DEPRECATED_OBJC_IMPLEMENTATIONS = YES;
				CLANG_WARN_DIRECT_OBJC_ISA_USAGE = YES_ERROR;
				CLANG_WARN_DOCUMENTATION_COMMENTS = YES;
				CLANG_WARN_EMPTY_BODY = YES;
				CLANG_WARN_ENUM_CONVERSION = YES;
				CLANG_WARN_INFINITE_RECURSION = YES;
				CLANG_WARN_INT_CONVERSION = YES;
				CLANG_WARN_NON_LITERAL_NULL_CONVERSION = YES;
				CLANG_WARN_OBJC_IMPLICIT_RETAIN_SELF = YES;
				CLANG_WARN_OBJC_LITERAL_CONVERSION = YES;
				CLANG_WARN_OBJC_ROOT_CLASS = YES_ERROR;
				CLANG_WARN_RANGE_LOOP_ANALYSIS = YES;
				CLANG_WARN_STRICT_PROTOTYPES = YES;
				CLANG_WARN_SUSPICIOUS_MOVE = YES;
				CLANG_WARN_UNGUARDED_AVAILABILITY = YES_AGGRESSIVE;
				CLANG_WARN_UNREACHABLE_CODE = YES;
				CLANG_WARN__DUPLICATE_METHOD_MATCH = YES;
				CODE_SIGN_IDENTITY = "iPhone Developer";
				COPY_PHASE_STRIP = NO;
				DEBUG_INFORMATION_FORMAT = "dwarf-with-dsym";
				ENABLE_NS_ASSERTIONS = NO;
				ENABLE_STRICT_OBJC_MSGSEND = YES;
				GCC_C_LANGUAGE_STANDARD = gnu11;
				GCC_NO_COMMON_BLOCKS = YES;
				GCC_WARN_64_TO_32_BIT_CONVERSION = YES;
				GCC_WARN_ABOUT_RETURN_TYPE = YES_ERROR;
				GCC_WARN_UNDECLARED_SELECTOR = YES;
				GCC_WARN_UNINITIALIZED_AUTOS = YES_AGGRESSIVE;
				GCC_WARN_UNUSED_FUNCTION = YES;
				GCC_WARN_UNUSED_VARIABLE = YES;
				IPHONEOS_DEPLOYMENT_TARGET = 12.2;
				MTL_ENABLE_DEBUG_INFO = NO;
				MTL_FAST_MATH = YES;
				SDKROOT = iphoneos;
				SWIFT_COMPILATION_MODE = wholemodule;
				SWIFT_OPTIMIZATION_LEVEL = "-O";
				VALIDATE_PRODUCT = YES;
			};
			name = Release;
		};
		CA385190225B46D0003627CC /* Debug */ = {
			isa = XCBuildConfiguration;
			buildSettings = {
				ASSETCATALOG_COMPILER_APPICON_NAME = AppIcon;
				CODE_SIGN_STYLE = Automatic;
				DEVELOPMENT_TEAM = 54SGD4HVN5;
				INFOPLIST_FILE = lesson3/Info.plist;
				LD_RUNPATH_SEARCH_PATHS = (
					"$(inherited)",
					"@executable_path/Frameworks",
				);
				PRODUCT_BUNDLE_IDENTIFIER = com.YuryPopov.lesson3;
				PRODUCT_NAME = "$(TARGET_NAME)";
				SWIFT_VERSION = 5.0;
				TARGETED_DEVICE_FAMILY = "1,2";
			};
			name = Debug;
		};
		CA385191225B46D0003627CC /* Release */ = {
			isa = XCBuildConfiguration;
			buildSettings = {
				ASSETCATALOG_COMPILER_APPICON_NAME = AppIcon;
				CODE_SIGN_STYLE = Automatic;
				DEVELOPMENT_TEAM = 54SGD4HVN5;
				INFOPLIST_FILE = lesson3/Info.plist;
				LD_RUNPATH_SEARCH_PATHS = (
					"$(inherited)",
					"@executable_path/Frameworks",
				);
				PRODUCT_BUNDLE_IDENTIFIER = com.YuryPopov.lesson3;
				PRODUCT_NAME = "$(TARGET_NAME)";
				SWIFT_VERSION = 5.0;
				TARGETED_DEVICE_FAMILY = "1,2";
			};
			name = Release;
		};
/* End XCBuildConfiguration section */

/* Begin XCConfigurationList section */
		CA385178225B46CF003627CC /* Build configuration list for PBXProject "lesson3" */ = {
			isa = XCConfigurationList;
			buildConfigurations = (
				CA38518D225B46D0003627CC /* Debug */,
				CA38518E225B46D0003627CC /* Release */,
			);
			defaultConfigurationIsVisible = 0;
			defaultConfigurationName = Release;
		};
		CA38518F225B46D0003627CC /* Build configuration list for PBXNativeTarget "lesson3" */ = {
			isa = XCConfigurationList;
			buildConfigurations = (
				CA385190225B46D0003627CC /* Debug */,
				CA385191225B46D0003627CC /* Release */,
			);
			defaultConfigurationIsVisible = 0;
			defaultConfigurationName = Release;
		};
/* End XCConfigurationList section */
	};
	rootObject = CA385175225B46CF003627CC /* Project object */;
}
